// !$*UTF8*$!
{
	archiveVersion = 1;
	classes = {
	};
	objectVersion = 77;
	objects = {

/* Begin PBXContainerItemProxy section */
		A8DEE1FD2D1240AA003FFFCE /* PBXContainerItemProxy */ = {
			isa = PBXContainerItemProxy;
			containerPortal = A8DEE1E42D1240A6003FFFCE /* Project object */;
			proxyType = 1;
			remoteGlobalIDString = A8DEE1EB2D1240A6003FFFCE;
			remoteInfo = Tempy;
		};
		A8DEE2072D1240AA003FFFCE /* PBXContainerItemProxy */ = {
			isa = PBXContainerItemProxy;
			containerPortal = A8DEE1E42D1240A6003FFFCE /* Project object */;
			proxyType = 1;
			remoteGlobalIDString = A8DEE1EB2D1240A6003FFFCE;
			remoteInfo = Tempy;
		};
/* End PBXContainerItemProxy section */

/* Begin PBXFileReference section */
		A8DEE1EC2D1240A6003FFFCE /* Tempy.app */ = {isa = PBXFileReference; explicitFileType = wrapper.application; includeInIndex = 0; path = Tempy.app; sourceTree = BUILT_PRODUCTS_DIR; };
		A8DEE1FC2D1240AA003FFFCE /* TempyTests.xctest */ = {isa = PBXFileReference; explicitFileType = wrapper.cfbundle; includeInIndex = 0; path = TempyTests.xctest; sourceTree = BUILT_PRODUCTS_DIR; };
		A8DEE2062D1240AA003FFFCE /* TempyUITests.xctest */ = {isa = PBXFileReference; explicitFileType = wrapper.cfbundle; includeInIndex = 0; path = TempyUITests.xctest; sourceTree = BUILT_PRODUCTS_DIR; };
/* End PBXFileReference section */

/* Begin PBXFileSystemSynchronizedRootGroup section */
		A8DEE1EE2D1240A6003FFFCE /* Tempy */ = {
			isa = PBXFileSystemSynchronizedRootGroup;
			path = Tempy;
			sourceTree = "<group>";
		};
		A8DEE1FF2D1240AA003FFFCE /* TempyTests */ = {
			isa = PBXFileSystemSynchronizedRootGroup;
			path = TempyTests;
			sourceTree = "<group>";
		};
		A8DEE2092D1240AA003FFFCE /* TempyUITests */ = {
			isa = PBXFileSystemSynchronizedRootGroup;
			path = TempyUITests;
			sourceTree = "<group>";
		};
/* End PBXFileSystemSynchronizedRootGroup section */

/* Begin PBXFrameworksBuildPhase section */
		A8DEE1E92D1240A6003FFFCE /* Frameworks */ = {
			isa = PBXFrameworksBuildPhase;
			buildActionMask = 2147483647;
			files = (
			);
			runOnlyForDeploymentPostprocessing = 0;
		};
		A8DEE1F92D1240AA003FFFCE /* Frameworks */ = {
			isa = PBXFrameworksBuildPhase;
			buildActionMask = 2147483647;
			files = (
			);
			runOnlyForDeploymentPostprocessing = 0;
		};
		A8DEE2032D1240AA003FFFCE /* Frameworks */ = {
			isa = PBXFrameworksBuildPhase;
			buildActionMask = 2147483647;
			files = (
			);
			runOnlyForDeploymentPostprocessing = 0;
		};
/* End PBXFrameworksBuildPhase section */

/* Begin PBXGroup section */
		A8DEE1E32D1240A6003FFFCE = {
			isa = PBXGroup;
			children = (
				A8DEE1EE2D1240A6003FFFCE /* Tempy */,
				A8DEE1FF2D1240AA003FFFCE /* TempyTests */,
				A8DEE2092D1240AA003FFFCE /* TempyUITests */,
				A8DEE1ED2D1240A6003FFFCE /* Products */,
			);
			sourceTree = "<group>";
		};
		A8DEE1ED2D1240A6003FFFCE /* Products */ = {
			isa = PBXGroup;
			children = (
				A8DEE1EC2D1240A6003FFFCE /* Tempy.app */,
				A8DEE1FC2D1240AA003FFFCE /* TempyTests.xctest */,
				A8DEE2062D1240AA003FFFCE /* TempyUITests.xctest */,
			);
			name = Products;
			sourceTree = "<group>";
		};
/* End PBXGroup section */

/* Begin PBXNativeTarget section */
		A8DEE1EB2D1240A6003FFFCE /* Tempy */ = {
			isa = PBXNativeTarget;
			buildConfigurationList = A8DEE2102D1240AA003FFFCE /* Build configuration list for PBXNativeTarget "Tempy" */;
			buildPhases = (
				A8DEE1E82D1240A6003FFFCE /* Sources */,
				A8DEE1E92D1240A6003FFFCE /* Frameworks */,
				A8DEE1EA2D1240A6003FFFCE /* Resources */,
			);
			buildRules = (
			);
			dependencies = (
			);
			fileSystemSynchronizedGroups = (
				A8DEE1EE2D1240A6003FFFCE /* Tempy */,
			);
			name = Tempy;
			packageProductDependencies = (
			);
			productName = Tempy;
			productReference = A8DEE1EC2D1240A6003FFFCE /* Tempy.app */;
			productType = "com.apple.product-type.application";
		};
		A8DEE1FB2D1240AA003FFFCE /* TempyTests */ = {
			isa = PBXNativeTarget;
			buildConfigurationList = A8DEE2132D1240AA003FFFCE /* Build configuration list for PBXNativeTarget "TempyTests" */;
			buildPhases = (
				A8DEE1F82D1240AA003FFFCE /* Sources */,
				A8DEE1F92D1240AA003FFFCE /* Frameworks */,
				A8DEE1FA2D1240AA003FFFCE /* Resources */,
			);
			buildRules = (
			);
			dependencies = (
				A8DEE1FE2D1240AA003FFFCE /* PBXTargetDependency */,
			);
			fileSystemSynchronizedGroups = (
				A8DEE1FF2D1240AA003FFFCE /* TempyTests */,
			);
			name = TempyTests;
			packageProductDependencies = (
			);
			productName = TempyTests;
			productReference = A8DEE1FC2D1240AA003FFFCE /* TempyTests.xctest */;
			productType = "com.apple.product-type.bundle.unit-test";
		};
		A8DEE2052D1240AA003FFFCE /* TempyUITests */ = {
			isa = PBXNativeTarget;
			buildConfigurationList = A8DEE2162D1240AA003FFFCE /* Build configuration list for PBXNativeTarget "TempyUITests" */;
			buildPhases = (
				A8DEE2022D1240AA003FFFCE /* Sources */,
				A8DEE2032D1240AA003FFFCE /* Frameworks */,
				A8DEE2042D1240AA003FFFCE /* Resources */,
			);
			buildRules = (
			);
			dependencies = (
				A8DEE2082D1240AA003FFFCE /* PBXTargetDependency */,
			);
			fileSystemSynchronizedGroups = (
				A8DEE2092D1240AA003FFFCE /* TempyUITests */,
			);
			name = TempyUITests;
			packageProductDependencies = (
			);
			productName = TempyUITests;
			productReference = A8DEE2062D1240AA003FFFCE /* TempyUITests.xctest */;
			productType = "com.apple.product-type.bundle.ui-testing";
		};
/* End PBXNativeTarget section */

/* Begin PBXProject section */
		A8DEE1E42D1240A6003FFFCE /* Project object */ = {
			isa = PBXProject;
			attributes = {
				BuildIndependentTargetsInParallel = 1;
				LastSwiftUpdateCheck = 1620;
				LastUpgradeCheck = 1620;
				TargetAttributes = {
					A8DEE1EB2D1240A6003FFFCE = {
						CreatedOnToolsVersion = 16.2;
					};
					A8DEE1FB2D1240AA003FFFCE = {
						CreatedOnToolsVersion = 16.2;
						TestTargetID = A8DEE1EB2D1240A6003FFFCE;
					};
					A8DEE2052D1240AA003FFFCE = {
						CreatedOnToolsVersion = 16.2;
						TestTargetID = A8DEE1EB2D1240A6003FFFCE;
					};
				};
			};
			buildConfigurationList = A8DEE1E72D1240A6003FFFCE /* Build configuration list for PBXProject "Tempy" */;
			developmentRegion = en;
			hasScannedForEncodings = 0;
			knownRegions = (
				en,
				Base,
			);
			mainGroup = A8DEE1E32D1240A6003FFFCE;
			minimizedProjectReferenceProxies = 1;
			preferredProjectObjectVersion = 77;
			productRefGroup = A8DEE1ED2D1240A6003FFFCE /* Products */;
			projectDirPath = "";
			projectRoot = "";
			targets = (
				A8DEE1EB2D1240A6003FFFCE /* Tempy */,
				A8DEE1FB2D1240AA003FFFCE /* TempyTests */,
				A8DEE2052D1240AA003FFFCE /* TempyUITests */,
			);
		};
/* End PBXProject section */

/* Begin PBXResourcesBuildPhase section */
		A8DEE1EA2D1240A6003FFFCE /* Resources */ = {
			isa = PBXResourcesBuildPhase;
			buildActionMask = 2147483647;
			files = (
			);
			runOnlyForDeploymentPostprocessing = 0;
		};
		A8DEE1FA2D1240AA003FFFCE /* Resources */ = {
			isa = PBXResourcesBuildPhase;
			buildActionMask = 2147483647;
			files = (
			);
			runOnlyForDeploymentPostprocessing = 0;
		};
		A8DEE2042D1240AA003FFFCE /* Resources */ = {
			isa = PBXResourcesBuildPhase;
			buildActionMask = 2147483647;
			files = (
			);
			runOnlyForDeploymentPostprocessing = 0;
		};
/* End PBXResourcesBuildPhase section */

/* Begin PBXSourcesBuildPhase section */
		A8DEE1E82D1240A6003FFFCE /* Sources */ = {
			isa = PBXSourcesBuildPhase;
			buildActionMask = 2147483647;
			files = (
			);
			runOnlyForDeploymentPostprocessing = 0;
		};
		A8DEE1F82D1240AA003FFFCE /* Sources */ = {
			isa = PBXSourcesBuildPhase;
			buildActionMask = 2147483647;
			files = (
			);
			runOnlyForDeploymentPostprocessing = 0;
		};
		A8DEE2022D1240AA003FFFCE /* Sources */ = {
			isa = PBXSourcesBuildPhase;
			buildActionMask = 2147483647;
			files = (
			);
			runOnlyForDeploymentPostprocessing = 0;
		};
/* End PBXSourcesBuildPhase section */

/* Begin PBXTargetDependency section */
		A8DEE1FE2D1240AA003FFFCE /* PBXTargetDependency */ = {
			isa = PBXTargetDependency;
			target = A8DEE1EB2D1240A6003FFFCE /* Tempy */;
			targetProxy = A8DEE1FD2D1240AA003FFFCE /* PBXContainerItemProxy */;
		};
		A8DEE2082D1240AA003FFFCE /* PBXTargetDependency */ = {
			isa = PBXTargetDependency;
			target = A8DEE1EB2D1240A6003FFFCE /* Tempy */;
			targetProxy = A8DEE2072D1240AA003FFFCE /* PBXContainerItemProxy */;
		};
/* End PBXTargetDependency section */

/* Begin XCBuildConfiguration section */
		A8DEE20E2D1240AA003FFFCE /* Debug */ = {
			isa = XCBuildConfiguration;
			buildSettings = {
				ALWAYS_SEARCH_USER_PATHS = NO;
				ASSETCATALOG_COMPILER_GENERATE_SWIFT_ASSET_SYMBOL_EXTENSIONS = YES;
				CLANG_ANALYZER_NONNULL = YES;
				CLANG_ANALYZER_NUMBER_OBJECT_CONVERSION = YES_AGGRESSIVE;
				CLANG_CXX_LANGUAGE_STANDARD = "gnu++20";
				CLANG_ENABLE_MODULES = YES;
				CLANG_ENABLE_OBJC_ARC = YES;
				CLANG_ENABLE_OBJC_WEAK = YES;
				CLANG_WARN_BLOCK_CAPTURE_AUTORELEASING = YES;
				CLANG_WARN_BOOL_CONVERSION = YES;
				CLANG_WARN_COMMA = YES;
				CLANG_WARN_CONSTANT_CONVERSION = YES;
				CLANG_WARN_DEPRECATED_OBJC_IMPLEMENTATIONS = YES;
				CLANG_WARN_DIRECT_OBJC_ISA_USAGE = YES_ERROR;
				CLANG_WARN_DOCUMENTATION_COMMENTS = YES;
				CLANG_WARN_EMPTY_BODY = YES;
				CLANG_WARN_ENUM_CONVERSION = YES;
				CLANG_WARN_INFINITE_RECURSION = YES;
				CLANG_WARN_INT_CONVERSION = YES;
				CLANG_WARN_NON_LITERAL_NULL_CONVERSION = YES;
				CLANG_WARN_OBJC_IMPLICIT_RETAIN_SELF = YES;
				CLANG_WARN_OBJC_LITERAL_CONVERSION = YES;
				CLANG_WARN_OBJC_ROOT_CLASS = YES_ERROR;
				CLANG_WARN_QUOTED_INCLUDE_IN_FRAMEWORK_HEADER = YES;
				CLANG_WARN_RANGE_LOOP_ANALYSIS = YES;
				CLANG_WARN_STRICT_PROTOTYPES = YES;
				CLANG_WARN_SUSPICIOUS_MOVE = YES;
				CLANG_WARN_UNGUARDED_AVAILABILITY = YES_AGGRESSIVE;
				CLANG_WARN_UNREACHABLE_CODE = YES;
				CLANG_WARN__DUPLICATE_METHOD_MATCH = YES;
				COPY_PHASE_STRIP = NO;
				DEBUG_INFORMATION_FORMAT = dwarf;
				ENABLE_STRICT_OBJC_MSGSEND = YES;
				ENABLE_TESTABILITY = YES;
				ENABLE_USER_SCRIPT_SANDBOXING = YES;
				GCC_C_LANGUAGE_STANDARD = gnu17;
				GCC_DYNAMIC_NO_PIC = NO;
				GCC_NO_COMMON_BLOCKS = YES;
				GCC_OPTIMIZATION_LEVEL = 0;
				GCC_PREPROCESSOR_DEFINITIONS = (
					"DEBUG=1",
					"$(inherited)",
				);
				GCC_WARN_64_TO_32_BIT_CONVERSION = YES;
				GCC_WARN_ABOUT_RETURN_TYPE = YES_ERROR;
				GCC_WARN_UNDECLARED_SELECTOR = YES;
				GCC_WARN_UNINITIALIZED_AUTOS = YES_AGGRESSIVE;
				GCC_WARN_UNUSED_FUNCTION = YES;
				GCC_WARN_UNUSED_VARIABLE = YES;
				IPHONEOS_DEPLOYMENT_TARGET = 18.2;
				LOCALIZATION_PREFERS_STRING_CATALOGS = YES;
				MTL_ENABLE_DEBUG_INFO = INCLUDE_SOURCE;
				MTL_FAST_MATH = YES;
				ONLY_ACTIVE_ARCH = YES;
				SDKROOT = iphoneos;
				SWIFT_ACTIVE_COMPILATION_CONDITIONS = "DEBUG $(inherited)";
				SWIFT_OPTIMIZATION_LEVEL = "-Onone";
			};
			name = Debug;
		};
		A8DEE20F2D1240AA003FFFCE /* Release */ = {
			isa = XCBuildConfiguration;
			buildSettings = {
				ALWAYS_SEARCH_USER_PATHS = NO;
				ASSETCATALOG_COMPILER_GENERATE_SWIFT_ASSET_SYMBOL_EXTENSIONS = YES;
				CLANG_ANALYZER_NONNULL = YES;
				CLANG_ANALYZER_NUMBER_OBJECT_CONVERSION = YES_AGGRESSIVE;
				CLANG_CXX_LANGUAGE_STANDARD = "gnu++20";
				CLANG_ENABLE_MODULES = YES;
				CLANG_ENABLE_OBJC_ARC = YES;
				CLANG_ENABLE_OBJC_WEAK = YES;
				CLANG_WARN_BLOCK_CAPTURE_AUTORELEASING = YES;
				CLANG_WARN_BOOL_CONVERSION = YES;
				CLANG_WARN_COMMA = YES;
				CLANG_WARN_CONSTANT_CONVERSION = YES;
				CLANG_WARN_DEPRECATED_OBJC_IMPLEMENTATIONS = YES;
				CLANG_WARN_DIRECT_OBJC_ISA_USAGE = YES_ERROR;
				CLANG_WARN_DOCUMENTATION_COMMENTS = YES;
				CLANG_WARN_EMPTY_BODY = YES;
				CLANG_WARN_ENUM_CONVERSION = YES;
				CLANG_WARN_INFINITE_RECURSION = YES;
				CLANG_WARN_INT_CONVERSION = YES;
				CLANG_WARN_NON_LITERAL_NULL_CONVERSION = YES;
				CLANG_WARN_OBJC_IMPLICIT_RETAIN_SELF = YES;
				CLANG_WARN_OBJC_LITERAL_CONVERSION = YES;
				CLANG_WARN_OBJC_ROOT_CLASS = YES_ERROR;
				CLANG_WARN_QUOTED_INCLUDE_IN_FRAMEWORK_HEADER = YES;
				CLANG_WARN_RANGE_LOOP_ANALYSIS = YES;
				CLANG_WARN_STRICT_PROTOTYPES = YES;
				CLANG_WARN_SUSPICIOUS_MOVE = YES;
				CLANG_WARN_UNGUARDED_AVAILABILITY = YES_AGGRESSIVE;
				CLANG_WARN_UNREACHABLE_CODE = YES;
				CLANG_WARN__DUPLICATE_METHOD_MATCH = YES;
				COPY_PHASE_STRIP = NO;
				DEBUG_INFORMATION_FORMAT = "dwarf-with-dsym";
				ENABLE_NS_ASSERTIONS = NO;
				ENABLE_STRICT_OBJC_MSGSEND = YES;
				ENABLE_USER_SCRIPT_SANDBOXING = YES;
				GCC_C_LANGUAGE_STANDARD = gnu17;
				GCC_NO_COMMON_BLOCKS = YES;
				GCC_WARN_64_TO_32_BIT_CONVERSION = YES;
				GCC_WARN_ABOUT_RETURN_TYPE = YES_ERROR;
				GCC_WARN_UNDECLARED_SELECTOR = YES;
				GCC_WARN_UNINITIALIZED_AUTOS = YES_AGGRESSIVE;
				GCC_WARN_UNUSED_FUNCTION = YES;
				GCC_WARN_UNUSED_VARIABLE = YES;
				IPHONEOS_DEPLOYMENT_TARGET = 18.2;
				LOCALIZATION_PREFERS_STRING_CATALOGS = YES;
				MTL_ENABLE_DEBUG_INFO = NO;
				MTL_FAST_MATH = YES;
				SDKROOT = iphoneos;
				SWIFT_COMPILATION_MODE = wholemodule;
				VALIDATE_PRODUCT = YES;
			};
			name = Release;
		};
		A8DEE2112D1240AA003FFFCE /* Debug */ = {
			isa = XCBuildConfiguration;
			buildSettings = {
				ASSETCATALOG_COMPILER_APPICON_NAME = AppIcon;
				ASSETCATALOG_COMPILER_GLOBAL_ACCENT_COLOR_NAME = AccentColor;
				CODE_SIGN_STYLE = Automatic;
				CURRENT_PROJECT_VERSION = 1;
				DEVELOPMENT_ASSET_PATHS = "\"Tempy/Preview Content\"";
				DEVELOPMENT_TEAM = 7FRAKRZZ4H;
				ENABLE_PREVIEWS = YES;
				GENERATE_INFOPLIST_FILE = YES;
				INFOPLIST_KEY_UIApplicationSceneManifest_Generation = YES;
				INFOPLIST_KEY_UIApplicationSupportsIndirectInputEvents = YES;
				INFOPLIST_KEY_UILaunchScreen_Generation = YES;
				INFOPLIST_KEY_UISupportedInterfaceOrientations_iPad = "UIInterfaceOrientationPortrait UIInterfaceOrientationPortraitUpsideDown UIInterfaceOrientationLandscapeLeft UIInterfaceOrientationLandscapeRight";
				INFOPLIST_KEY_UISupportedInterfaceOrientations_iPhone = "UIInterfaceOrientationPortrait UIInterfaceOrientationLandscapeLeft UIInterfaceOrientationLandscapeRight";
				LD_RUNPATH_SEARCH_PATHS = (
					"$(inherited)",
					"@executable_path/Frameworks",
				);
				MARKETING_VERSION = 1.0;
				PRODUCT_BUNDLE_IDENTIFIER = sdfg.Tempy;
				PRODUCT_NAME = "$(TARGET_NAME)";
				SWIFT_EMIT_LOC_STRINGS = YES;
				SWIFT_VERSION = 5.0;
				TARGETED_DEVICE_FAMILY = "1,2";
			};
			name = Debug;
		};
		A8DEE2122D1240AA003FFFCE /* Release */ = {
			isa = XCBuildConfiguration;
			buildSettings = {
				ASSETCATALOG_COMPILER_APPICON_NAME = AppIcon;
				ASSETCATALOG_COMPILER_GLOBAL_ACCENT_COLOR_NAME = AccentColor;
				CODE_SIGN_STYLE = Automatic;
				CURRENT_PROJECT_VERSION = 1;
				DEVELOPMENT_ASSET_PATHS = "\"Tempy/Preview Content\"";
				DEVELOPMENT_TEAM = 7FRAKRZZ4H;
				ENABLE_PREVIEWS = YES;
				GENERATE_INFOPLIST_FILE = YES;
				INFOPLIST_KEY_UIApplicationSceneManifest_Generation = YES;
				INFOPLIST_KEY_UIApplicationSupportsIndirectInputEvents = YES;
				INFOPLIST_KEY_UILaunchScreen_Generation = YES;
				INFOPLIST_KEY_UISupportedInterfaceOrientations_iPad = "UIInterfaceOrientationPortrait UIInterfaceOrientationPortraitUpsideDown UIInterfaceOrientationLandscapeLeft UIInterfaceOrientationLandscapeRight";
				INFOPLIST_KEY_UISupportedInterfaceOrientations_iPhone = "UIInterfaceOrientationPortrait UIInterfaceOrientationLandscapeLeft UIInterfaceOrientationLandscapeRight";
				LD_RUNPATH_SEARCH_PATHS = (
					"$(inherited)",
					"@executable_path/Frameworks",
				);
				MARKETING_VERSION = 1.0;
				PRODUCT_BUNDLE_IDENTIFIER = sdfg.Tempy;
				PRODUCT_NAME = "$(TARGET_NAME)";
				SWIFT_EMIT_LOC_STRINGS = YES;
				SWIFT_VERSION = 5.0;
				TARGETED_DEVICE_FAMILY = "1,2";
			};
			name = Release;
		};
		A8DEE2142D1240AA003FFFCE /* Debug */ = {
			isa = XCBuildConfiguration;
			buildSettings = {
				BUNDLE_LOADER = "$(TEST_HOST)";
				CODE_SIGN_STYLE = Automatic;
				CURRENT_PROJECT_VERSION = 1;
				DEVELOPMENT_TEAM = 7FRAKRZZ4H;
				GENERATE_INFOPLIST_FILE = YES;
				IPHONEOS_DEPLOYMENT_TARGET = 18.2;
				MARKETING_VERSION = 1.0;
				PRODUCT_BUNDLE_IDENTIFIER = sdfg.TempyTests;
				PRODUCT_NAME = "$(TARGET_NAME)";
				SWIFT_EMIT_LOC_STRINGS = NO;
				SWIFT_VERSION = 5.0;
				TARGETED_DEVICE_FAMILY = "1,2";
				TEST_HOST = "$(BUILT_PRODUCTS_DIR)/Tempy.app/$(BUNDLE_EXECUTABLE_FOLDER_PATH)/Tempy";
			};
			name = Debug;
		};
		A8DEE2152D1240AA003FFFCE /* Release */ = {
			isa = XCBuildConfiguration;
			buildSettings = {
				BUNDLE_LOADER = "$(TEST_HOST)";
				CODE_SIGN_STYLE = Automatic;
				CURRENT_PROJECT_VERSION = 1;
				DEVELOPMENT_TEAM = 7FRAKRZZ4H;
				GENERATE_INFOPLIST_FILE = YES;
				IPHONEOS_DEPLOYMENT_TARGET = 18.2;
				MARKETING_VERSION = 1.0;
				PRODUCT_BUNDLE_IDENTIFIER = sdfg.TempyTests;
				PRODUCT_NAME = "$(TARGET_NAME)";
				SWIFT_EMIT_LOC_STRINGS = NO;
				SWIFT_VERSION = 5.0;
				TARGETED_DEVICE_FAMILY = "1,2";
				TEST_HOST = "$(BUILT_PRODUCTS_DIR)/Tempy.app/$(BUNDLE_EXECUTABLE_FOLDER_PATH)/Tempy";
			};
			name = Release;
		};
		A8DEE2172D1240AA003FFFCE /* Debug */ = {
			isa = XCBuildConfiguration;
			buildSettings = {
				CODE_SIGN_STYLE = Automatic;
				CURRENT_PROJECT_VERSION = 1;
				DEVELOPMENT_TEAM = 7FRAKRZZ4H;
				GENERATE_INFOPLIST_FILE = YES;
				MARKETING_VERSION = 1.0;
				PRODUCT_BUNDLE_IDENTIFIER = sdfg.TempyUITests;
				PRODUCT_NAME = "$(TARGET_NAME)";
				SWIFT_EMIT_LOC_STRINGS = NO;
				SWIFT_VERSION = 5.0;
				TARGETED_DEVICE_FAMILY = "1,2";
				TEST_TARGET_NAME = Tempy;
			};
			name = Debug;
		};
		A8DEE2182D1240AA003FFFCE /* Release */ = {
			isa = XCBuildConfiguration;
			buildSettings = {
				CODE_SIGN_STYLE = Automatic;
				CURRENT_PROJECT_VERSION = 1;
				DEVELOPMENT_TEAM = 7FRAKRZZ4H;
				GENERATE_INFOPLIST_FILE = YES;
				MARKETING_VERSION = 1.0;
				PRODUCT_BUNDLE_IDENTIFIER = sdfg.TempyUITests;
				PRODUCT_NAME = "$(TARGET_NAME)";
				SWIFT_EMIT_LOC_STRINGS = NO;
				SWIFT_VERSION = 5.0;
				TARGETED_DEVICE_FAMILY = "1,2";
				TEST_TARGET_NAME = Tempy;
			};
			name = Release;
		};
/* End XCBuildConfiguration section */

/* Begin XCConfigurationList section */
		A8DEE1E72D1240A6003FFFCE /* Build configuration list for PBXProject "Tempy" */ = {
			isa = XCConfigurationList;
			buildConfigurations = (
				A8DEE20E2D1240AA003FFFCE /* Debug */,
				A8DEE20F2D1240AA003FFFCE /* Release */,
			);
			defaultConfigurationIsVisible = 0;
			defaultConfigurationName = Release;
		};
		A8DEE2102D1240AA003FFFCE /* Build configuration list for PBXNativeTarget "Tempy" */ = {
			isa = XCConfigurationList;
			buildConfigurations = (
				A8DEE2112D1240AA003FFFCE /* Debug */,
				A8DEE2122D1240AA003FFFCE /* Release */,
			);
			defaultConfigurationIsVisible = 0;
			defaultConfigurationName = Release;
		};
		A8DEE2132D1240AA003FFFCE /* Build configuration list for PBXNativeTarget "TempyTests" */ = {
			isa = XCConfigurationList;
			buildConfigurations = (
				A8DEE2142D1240AA003FFFCE /* Debug */,
				A8DEE2152D1240AA003FFFCE /* Release */,
			);
			defaultConfigurationIsVisible = 0;
			defaultConfigurationName = Release;
		};
		A8DEE2162D1240AA003FFFCE /* Build configuration list for PBXNativeTarget "TempyUITests" */ = {
			isa = XCConfigurationList;
			buildConfigurations = (
				A8DEE2172D1240AA003FFFCE /* Debug */,
				A8DEE2182D1240AA003FFFCE /* Release */,
			);
			defaultConfigurationIsVisible = 0;
			defaultConfigurationName = Release;
		};
/* End XCConfigurationList section */
	};
	rootObject = A8DEE1E42D1240A6003FFFCE /* Project object */;
}
