// !$*UTF8*$!
{
	archiveVersion = 1;
	classes = {
	};
	objectVersion = 77;
	objects = {

/* Begin PBXBuildFile section */
		A859AFA12D125CA300E0ECAC /* FirebaseAnalytics in Frameworks */ = {isa = PBXBuildFile; productRef = A859AFA02D125CA300E0ECAC /* FirebaseAnalytics */; };
		A859AFA32D125CA300E0ECAC /* FirebaseAnalyticsWithoutAdIdSupport in Frameworks */ = {isa = PBXBuildFile; productRef = A859AFA22D125CA300E0ECAC /* FirebaseAnalyticsWithoutAdIdSupport */; };
/* End PBXBuildFile section */

/* Begin PBXContainerItemProxy section */
		A859AF7D2D125C4B00E0ECAC /* PBXContainerItemProxy */ = {
			isa = PBXContainerItemProxy;
			containerPortal = A859AF642D125C4500E0ECAC /* Project object */;
			proxyType = 1;
			remoteGlobalIDString = A859AF6B2D125C4500E0ECAC;
			remoteInfo = Tempy;
		};
		A859AF872D125C4B00E0ECAC /* PBXContainerItemProxy */ = {
			isa = PBXContainerItemProxy;
			containerPortal = A859AF642D125C4500E0ECAC /* Project object */;
			proxyType = 1;
			remoteGlobalIDString = A859AF6B2D125C4500E0ECAC;
			remoteInfo = Tempy;
		};
/* End PBXContainerItemProxy section */

/* Begin PBXFileReference section */
		A859AF6C2D125C4500E0ECAC /* Tempy.app */ = {isa = PBXFileReference; explicitFileType = wrapper.application; includeInIndex = 0; path = Tempy.app; sourceTree = BUILT_PRODUCTS_DIR; };
		A859AF7C2D125C4B00E0ECAC /* TempyTests.xctest */ = {isa = PBXFileReference; explicitFileType = wrapper.cfbundle; includeInIndex = 0; path = TempyTests.xctest; sourceTree = BUILT_PRODUCTS_DIR; };
		A859AF862D125C4B00E0ECAC /* TempyUITests.xctest */ = {isa = PBXFileReference; explicitFileType = wrapper.cfbundle; includeInIndex = 0; path = TempyUITests.xctest; sourceTree = BUILT_PRODUCTS_DIR; };
/* End PBXFileReference section */

/* Begin PBXFileSystemSynchronizedBuildFileExceptionSet section */
		A859AF9D2D125C6200E0ECAC /* Exceptions for "Tempy" folder in "TempyTests" target */ = {
			isa = PBXFileSystemSynchronizedBuildFileExceptionSet;
			membershipExceptions = (
				"GoogleService-Info.plist",
			);
			target = A859AF7B2D125C4B00E0ECAC /* TempyTests */;
		};
		A859AF9E2D125C6200E0ECAC /* Exceptions for "Tempy" folder in "TempyUITests" target */ = {
			isa = PBXFileSystemSynchronizedBuildFileExceptionSet;
			membershipExceptions = (
				"GoogleService-Info.plist",
			);
			target = A859AF852D125C4B00E0ECAC /* TempyUITests */;
		};
/* End PBXFileSystemSynchronizedBuildFileExceptionSet section */

/* Begin PBXFileSystemSynchronizedRootGroup section */
		A859AF6E2D125C4500E0ECAC /* Tempy */ = {
			isa = PBXFileSystemSynchronizedRootGroup;
			exceptions = (
				A859AF9D2D125C6200E0ECAC /* Exceptions for "Tempy" folder in "TempyTests" target */,
				A859AF9E2D125C6200E0ECAC /* Exceptions for "Tempy" folder in "TempyUITests" target */,
			);
			path = Tempy;
			sourceTree = "<group>";
		};
		A859AF7F2D125C4B00E0ECAC /* TempyTests */ = {
			isa = PBXFileSystemSynchronizedRootGroup;
			path = TempyTests;
			sourceTree = "<group>";
		};
		A859AF892D125C4B00E0ECAC /* TempyUITests */ = {
			isa = PBXFileSystemSynchronizedRootGroup;
			path = TempyUITests;
			sourceTree = "<group>";
		};
/* End PBXFileSystemSynchronizedRootGroup section */

/* Begin PBXFrameworksBuildPhase section */
		A859AF692D125C4500E0ECAC /* Frameworks */ = {
			isa = PBXFrameworksBuildPhase;
			buildActionMask = 2147483647;
			files = (
				A859AFA12D125CA300E0ECAC /* FirebaseAnalytics in Frameworks */,
				A859AFA32D125CA300E0ECAC /* FirebaseAnalyticsWithoutAdIdSupport in Frameworks */,
			);
			runOnlyForDeploymentPostprocessing = 0;
		};
		A859AF792D125C4B00E0ECAC /* Frameworks */ = {
			isa = PBXFrameworksBuildPhase;
			buildActionMask = 2147483647;
			files = (
			);
			runOnlyForDeploymentPostprocessing = 0;
		};
		A859AF832D125C4B00E0ECAC /* Frameworks */ = {
			isa = PBXFrameworksBuildPhase;
			buildActionMask = 2147483647;
			files = (
			);
			runOnlyForDeploymentPostprocessing = 0;
		};
/* End PBXFrameworksBuildPhase section */

/* Begin PBXGroup section */
		A859AF632D125C4500E0ECAC = {
			isa = PBXGroup;
			children = (
				A859AF6E2D125C4500E0ECAC /* Tempy */,
				A859AF7F2D125C4B00E0ECAC /* TempyTests */,
				A859AF892D125C4B00E0ECAC /* TempyUITests */,
				A859AF6D2D125C4500E0ECAC /* Products */,
			);
			sourceTree = "<group>";
		};
		A859AF6D2D125C4500E0ECAC /* Products */ = {
			isa = PBXGroup;
			children = (
				A859AF6C2D125C4500E0ECAC /* Tempy.app */,
				A859AF7C2D125C4B00E0ECAC /* TempyTests.xctest */,
				A859AF862D125C4B00E0ECAC /* TempyUITests.xctest */,
			);
			name = Products;
			sourceTree = "<group>";
		};
/* End PBXGroup section */

/* Begin PBXNativeTarget section */
		A859AF6B2D125C4500E0ECAC /* Tempy */ = {
			isa = PBXNativeTarget;
			buildConfigurationList = A859AF902D125C4B00E0ECAC /* Build configuration list for PBXNativeTarget "Tempy" */;
			buildPhases = (
				A859AF682D125C4500E0ECAC /* Sources */,
				A859AF692D125C4500E0ECAC /* Frameworks */,
				A859AF6A2D125C4500E0ECAC /* Resources */,
			);
			buildRules = (
			);
			dependencies = (
			);
			fileSystemSynchronizedGroups = (
				A859AF6E2D125C4500E0ECAC /* Tempy */,
			);
			name = Tempy;
			packageProductDependencies = (
				A859AFA02D125CA300E0ECAC /* FirebaseAnalytics */,
				A859AFA22D125CA300E0ECAC /* FirebaseAnalyticsWithoutAdIdSupport */,
			);
			productName = Tempy;
			productReference = A859AF6C2D125C4500E0ECAC /* Tempy.app */;
			productType = "com.apple.product-type.application";
		};
		A859AF7B2D125C4B00E0ECAC /* TempyTests */ = {
			isa = PBXNativeTarget;
			buildConfigurationList = A859AF932D125C4B00E0ECAC /* Build configuration list for PBXNativeTarget "TempyTests" */;
			buildPhases = (
				A859AF782D125C4B00E0ECAC /* Sources */,
				A859AF792D125C4B00E0ECAC /* Frameworks */,
				A859AF7A2D125C4B00E0ECAC /* Resources */,
			);
			buildRules = (
			);
			dependencies = (
				A859AF7E2D125C4B00E0ECAC /* PBXTargetDependency */,
			);
			fileSystemSynchronizedGroups = (
				A859AF7F2D125C4B00E0ECAC /* TempyTests */,
			);
			name = TempyTests;
			packageProductDependencies = (
			);
			productName = TempyTests;
			productReference = A859AF7C2D125C4B00E0ECAC /* TempyTests.xctest */;
			productType = "com.apple.product-type.bundle.unit-test";
		};
		A859AF852D125C4B00E0ECAC /* TempyUITests */ = {
			isa = PBXNativeTarget;
			buildConfigurationList = A859AF962D125C4B00E0ECAC /* Build configuration list for PBXNativeTarget "TempyUITests" */;
			buildPhases = (
				A859AF822D125C4B00E0ECAC /* Sources */,
				A859AF832D125C4B00E0ECAC /* Frameworks */,
				A859AF842D125C4B00E0ECAC /* Resources */,
			);
			buildRules = (
			);
			dependencies = (
				A859AF882D125C4B00E0ECAC /* PBXTargetDependency */,
			);
			fileSystemSynchronizedGroups = (
				A859AF892D125C4B00E0ECAC /* TempyUITests */,
			);
			name = TempyUITests;
			packageProductDependencies = (
			);
			productName = TempyUITests;
			productReference = A859AF862D125C4B00E0ECAC /* TempyUITests.xctest */;
			productType = "com.apple.product-type.bundle.ui-testing";
		};
/* End PBXNativeTarget section */

/* Begin PBXProject section */
		A859AF642D125C4500E0ECAC /* Project object */ = {
			isa = PBXProject;
			attributes = {
				BuildIndependentTargetsInParallel = 1;
				LastSwiftUpdateCheck = 1620;
				LastUpgradeCheck = 1620;
				TargetAttributes = {
					A859AF6B2D125C4500E0ECAC = {
						CreatedOnToolsVersion = 16.2;
					};
					A859AF7B2D125C4B00E0ECAC = {
						CreatedOnToolsVersion = 16.2;
						TestTargetID = A859AF6B2D125C4500E0ECAC;
					};
					A859AF852D125C4B00E0ECAC = {
						CreatedOnToolsVersion = 16.2;
						TestTargetID = A859AF6B2D125C4500E0ECAC;
					};
				};
			};
			buildConfigurationList = A859AF672D125C4500E0ECAC /* Build configuration list for PBXProject "Tempy" */;
			developmentRegion = en;
			hasScannedForEncodings = 0;
			knownRegions = (
				en,
				Base,
			);
			mainGroup = A859AF632D125C4500E0ECAC;
			minimizedProjectReferenceProxies = 1;
			packageReferences = (
				A859AF9F2D125CA300E0ECAC /* XCRemoteSwiftPackageReference "firebase-ios-sdk" */,
			);
			preferredProjectObjectVersion = 77;
			productRefGroup = A859AF6D2D125C4500E0ECAC /* Products */;
			projectDirPath = "";
			projectRoot = "";
			targets = (
				A859AF6B2D125C4500E0ECAC /* Tempy */,
				A859AF7B2D125C4B00E0ECAC /* TempyTests */,
				A859AF852D125C4B00E0ECAC /* TempyUITests */,
			);
		};
/* End PBXProject section */

/* Begin PBXResourcesBuildPhase section */
		A859AF6A2D125C4500E0ECAC /* Resources */ = {
			isa = PBXResourcesBuildPhase;
			buildActionMask = 2147483647;
			files = (
			);
			runOnlyForDeploymentPostprocessing = 0;
		};
		A859AF7A2D125C4B00E0ECAC /* Resources */ = {
			isa = PBXResourcesBuildPhase;
			buildActionMask = 2147483647;
			files = (
			);
			runOnlyForDeploymentPostprocessing = 0;
		};
		A859AF842D125C4B00E0ECAC /* Resources */ = {
			isa = PBXResourcesBuildPhase;
			buildActionMask = 2147483647;
			files = (
			);
			runOnlyForDeploymentPostprocessing = 0;
		};
/* End PBXResourcesBuildPhase section */

/* Begin PBXSourcesBuildPhase section */
		A859AF682D125C4500E0ECAC /* Sources */ = {
			isa = PBXSourcesBuildPhase;
			buildActionMask = 2147483647;
			files = (
			);
			runOnlyForDeploymentPostprocessing = 0;
		};
		A859AF782D125C4B00E0ECAC /* Sources */ = {
			isa = PBXSourcesBuildPhase;
			buildActionMask = 2147483647;
			files = (
			);
			runOnlyForDeploymentPostprocessing = 0;
		};
		A859AF822D125C4B00E0ECAC /* Sources */ = {
			isa = PBXSourcesBuildPhase;
			buildActionMask = 2147483647;
			files = (
			);
			runOnlyForDeploymentPostprocessing = 0;
		};
/* End PBXSourcesBuildPhase section */

/* Begin PBXTargetDependency section */
		A859AF7E2D125C4B00E0ECAC /* PBXTargetDependency */ = {
			isa = PBXTargetDependency;
			target = A859AF6B2D125C4500E0ECAC /* Tempy */;
			targetProxy = A859AF7D2D125C4B00E0ECAC /* PBXContainerItemProxy */;
		};
		A859AF882D125C4B00E0ECAC /* PBXTargetDependency */ = {
			isa = PBXTargetDependency;
			target = A859AF6B2D125C4500E0ECAC /* Tempy */;
			targetProxy = A859AF872D125C4B00E0ECAC /* PBXContainerItemProxy */;
		};
/* End PBXTargetDependency section */

/* Begin XCBuildConfiguration section */
		A859AF8E2D125C4B00E0ECAC /* Debug */ = {
			isa = XCBuildConfiguration;
			buildSettings = {
				ALWAYS_SEARCH_USER_PATHS = NO;
				ASSETCATALOG_COMPILER_GENERATE_SWIFT_ASSET_SYMBOL_EXTENSIONS = YES;
				CLANG_ANALYZER_NONNULL = YES;
				CLANG_ANALYZER_NUMBER_OBJECT_CONVERSION = YES_AGGRESSIVE;
				CLANG_CXX_LANGUAGE_STANDARD = "gnu++20";
				CLANG_ENABLE_MODULES = YES;
				CLANG_ENABLE_OBJC_ARC = YES;
				CLANG_ENABLE_OBJC_WEAK = YES;
				CLANG_WARN_BLOCK_CAPTURE_AUTORELEASING = YES;
				CLANG_WARN_BOOL_CONVERSION = YES;
				CLANG_WARN_COMMA = YES;
				CLANG_WARN_CONSTANT_CONVERSION = YES;
				CLANG_WARN_DEPRECATED_OBJC_IMPLEMENTATIONS = YES;
				CLANG_WARN_DIRECT_OBJC_ISA_USAGE = YES_ERROR;
				CLANG_WARN_DOCUMENTATION_COMMENTS = YES;
				CLANG_WARN_EMPTY_BODY = YES;
				CLANG_WARN_ENUM_CONVERSION = YES;
				CLANG_WARN_INFINITE_RECURSION = YES;
				CLANG_WARN_INT_CONVERSION = YES;
				CLANG_WARN_NON_LITERAL_NULL_CONVERSION = YES;
				CLANG_WARN_OBJC_IMPLICIT_RETAIN_SELF = YES;
				CLANG_WARN_OBJC_LITERAL_CONVERSION = YES;
				CLANG_WARN_OBJC_ROOT_CLASS = YES_ERROR;
				CLANG_WARN_QUOTED_INCLUDE_IN_FRAMEWORK_HEADER = YES;
				CLANG_WARN_RANGE_LOOP_ANALYSIS = YES;
				CLANG_WARN_STRICT_PROTOTYPES = YES;
				CLANG_WARN_SUSPICIOUS_MOVE = YES;
				CLANG_WARN_UNGUARDED_AVAILABILITY = YES_AGGRESSIVE;
				CLANG_WARN_UNREACHABLE_CODE = YES;
				CLANG_WARN__DUPLICATE_METHOD_MATCH = YES;
				COPY_PHASE_STRIP = NO;
				DEBUG_INFORMATION_FORMAT = dwarf;
				ENABLE_STRICT_OBJC_MSGSEND = YES;
				ENABLE_TESTABILITY = YES;
				ENABLE_USER_SCRIPT_SANDBOXING = YES;
				GCC_C_LANGUAGE_STANDARD = gnu17;
				GCC_DYNAMIC_NO_PIC = NO;
				GCC_NO_COMMON_BLOCKS = YES;
				GCC_OPTIMIZATION_LEVEL = 0;
				GCC_PREPROCESSOR_DEFINITIONS = (
					"DEBUG=1",
					"$(inherited)",
				);
				GCC_WARN_64_TO_32_BIT_CONVERSION = YES;
				GCC_WARN_ABOUT_RETURN_TYPE = YES_ERROR;
				GCC_WARN_UNDECLARED_SELECTOR = YES;
				GCC_WARN_UNINITIALIZED_AUTOS = YES_AGGRESSIVE;
				GCC_WARN_UNUSED_FUNCTION = YES;
				GCC_WARN_UNUSED_VARIABLE = YES;
				IPHONEOS_DEPLOYMENT_TARGET = 18.2;
				LOCALIZATION_PREFERS_STRING_CATALOGS = YES;
				MTL_ENABLE_DEBUG_INFO = INCLUDE_SOURCE;
				MTL_FAST_MATH = YES;
				ONLY_ACTIVE_ARCH = YES;
				SDKROOT = iphoneos;
				SWIFT_ACTIVE_COMPILATION_CONDITIONS = "DEBUG $(inherited)";
				SWIFT_OPTIMIZATION_LEVEL = "-Onone";
			};
			name = Debug;
		};
		A859AF8F2D125C4B00E0ECAC /* Release */ = {
			isa = XCBuildConfiguration;
			buildSettings = {
				ALWAYS_SEARCH_USER_PATHS = NO;
				ASSETCATALOG_COMPILER_GENERATE_SWIFT_ASSET_SYMBOL_EXTENSIONS = YES;
				CLANG_ANALYZER_NONNULL = YES;
				CLANG_ANALYZER_NUMBER_OBJECT_CONVERSION = YES_AGGRESSIVE;
				CLANG_CXX_LANGUAGE_STANDARD = "gnu++20";
				CLANG_ENABLE_MODULES = YES;
				CLANG_ENABLE_OBJC_ARC = YES;
				CLANG_ENABLE_OBJC_WEAK = YES;
				CLANG_WARN_BLOCK_CAPTURE_AUTORELEASING = YES;
				CLANG_WARN_BOOL_CONVERSION = YES;
				CLANG_WARN_COMMA = YES;
				CLANG_WARN_CONSTANT_CONVERSION = YES;
				CLANG_WARN_DEPRECATED_OBJC_IMPLEMENTATIONS = YES;
				CLANG_WARN_DIRECT_OBJC_ISA_USAGE = YES_ERROR;
				CLANG_WARN_DOCUMENTATION_COMMENTS = YES;
				CLANG_WARN_EMPTY_BODY = YES;
				CLANG_WARN_ENUM_CONVERSION = YES;
				CLANG_WARN_INFINITE_RECURSION = YES;
				CLANG_WARN_INT_CONVERSION = YES;
				CLANG_WARN_NON_LITERAL_NULL_CONVERSION = YES;
				CLANG_WARN_OBJC_IMPLICIT_RETAIN_SELF = YES;
				CLANG_WARN_OBJC_LITERAL_CONVERSION = YES;
				CLANG_WARN_OBJC_ROOT_CLASS = YES_ERROR;
				CLANG_WARN_QUOTED_INCLUDE_IN_FRAMEWORK_HEADER = YES;
				CLANG_WARN_RANGE_LOOP_ANALYSIS = YES;
				CLANG_WARN_STRICT_PROTOTYPES = YES;
				CLANG_WARN_SUSPICIOUS_MOVE = YES;
				CLANG_WARN_UNGUARDED_AVAILABILITY = YES_AGGRESSIVE;
				CLANG_WARN_UNREACHABLE_CODE = YES;
				CLANG_WARN__DUPLICATE_METHOD_MATCH = YES;
				COPY_PHASE_STRIP = NO;
				DEBUG_INFORMATION_FORMAT = "dwarf-with-dsym";
				ENABLE_NS_ASSERTIONS = NO;
				ENABLE_STRICT_OBJC_MSGSEND = YES;
				ENABLE_USER_SCRIPT_SANDBOXING = YES;
				GCC_C_LANGUAGE_STANDARD = gnu17;
				GCC_NO_COMMON_BLOCKS = YES;
				GCC_WARN_64_TO_32_BIT_CONVERSION = YES;
				GCC_WARN_ABOUT_RETURN_TYPE = YES_ERROR;
				GCC_WARN_UNDECLARED_SELECTOR = YES;
				GCC_WARN_UNINITIALIZED_AUTOS = YES_AGGRESSIVE;
				GCC_WARN_UNUSED_FUNCTION = YES;
				GCC_WARN_UNUSED_VARIABLE = YES;
				IPHONEOS_DEPLOYMENT_TARGET = 18.2;
				LOCALIZATION_PREFERS_STRING_CATALOGS = YES;
				MTL_ENABLE_DEBUG_INFO = NO;
				MTL_FAST_MATH = YES;
				SDKROOT = iphoneos;
				SWIFT_COMPILATION_MODE = wholemodule;
				VALIDATE_PRODUCT = YES;
			};
			name = Release;
		};
		A859AF912D125C4B00E0ECAC /* Debug */ = {
			isa = XCBuildConfiguration;
			buildSettings = {
				ASSETCATALOG_COMPILER_APPICON_NAME = AppIcon;
				ASSETCATALOG_COMPILER_GLOBAL_ACCENT_COLOR_NAME = AccentColor;
				CODE_SIGN_STYLE = Automatic;
				CURRENT_PROJECT_VERSION = 1;
				DEVELOPMENT_ASSET_PATHS = "\"Tempy/Preview Content\"";
				DEVELOPMENT_TEAM = 7FRAKRZZ4H;
				ENABLE_PREVIEWS = YES;
				GENERATE_INFOPLIST_FILE = YES;
				INFOPLIST_KEY_UIApplicationSceneManifest_Generation = YES;
				INFOPLIST_KEY_UIApplicationSupportsIndirectInputEvents = YES;
				INFOPLIST_KEY_UILaunchScreen_Generation = YES;
				INFOPLIST_KEY_UISupportedInterfaceOrientations_iPad = "UIInterfaceOrientationPortrait UIInterfaceOrientationPortraitUpsideDown UIInterfaceOrientationLandscapeLeft UIInterfaceOrientationLandscapeRight";
				INFOPLIST_KEY_UISupportedInterfaceOrientations_iPhone = "UIInterfaceOrientationPortrait UIInterfaceOrientationLandscapeLeft UIInterfaceOrientationLandscapeRight";
				LD_RUNPATH_SEARCH_PATHS = (
					"$(inherited)",
					"@executable_path/Frameworks",
				);
				MARKETING_VERSION = 1.0;
				PRODUCT_BUNDLE_IDENTIFIER = sdfg.Tempy;
				PRODUCT_NAME = "$(TARGET_NAME)";
				SWIFT_EMIT_LOC_STRINGS = YES;
				SWIFT_VERSION = 5.0;
				TARGETED_DEVICE_FAMILY = "1,2";
			};
			name = Debug;
		};
		A859AF922D125C4B00E0ECAC /* Release */ = {
			isa = XCBuildConfiguration;
			buildSettings = {
				ASSETCATALOG_COMPILER_APPICON_NAME = AppIcon;
				ASSETCATALOG_COMPILER_GLOBAL_ACCENT_COLOR_NAME = AccentColor;
				CODE_SIGN_STYLE = Automatic;
				CURRENT_PROJECT_VERSION = 1;
				DEVELOPMENT_ASSET_PATHS = "\"Tempy/Preview Content\"";
				DEVELOPMENT_TEAM = 7FRAKRZZ4H;
				ENABLE_PREVIEWS = YES;
				GENERATE_INFOPLIST_FILE = YES;
				INFOPLIST_KEY_UIApplicationSceneManifest_Generation = YES;
				INFOPLIST_KEY_UIApplicationSupportsIndirectInputEvents = YES;
				INFOPLIST_KEY_UILaunchScreen_Generation = YES;
				INFOPLIST_KEY_UISupportedInterfaceOrientations_iPad = "UIInterfaceOrientationPortrait UIInterfaceOrientationPortraitUpsideDown UIInterfaceOrientationLandscapeLeft UIInterfaceOrientationLandscapeRight";
				INFOPLIST_KEY_UISupportedInterfaceOrientations_iPhone = "UIInterfaceOrientationPortrait UIInterfaceOrientationLandscapeLeft UIInterfaceOrientationLandscapeRight";
				LD_RUNPATH_SEARCH_PATHS = (
					"$(inherited)",
					"@executable_path/Frameworks",
				);
				MARKETING_VERSION = 1.0;
				PRODUCT_BUNDLE_IDENTIFIER = sdfg.Tempy;
				PRODUCT_NAME = "$(TARGET_NAME)";
				SWIFT_EMIT_LOC_STRINGS = YES;
				SWIFT_VERSION = 5.0;
				TARGETED_DEVICE_FAMILY = "1,2";
			};
			name = Release;
		};
		A859AF942D125C4B00E0ECAC /* Debug */ = {
			isa = XCBuildConfiguration;
			buildSettings = {
				BUNDLE_LOADER = "$(TEST_HOST)";
				CODE_SIGN_STYLE = Automatic;
				CURRENT_PROJECT_VERSION = 1;
				DEVELOPMENT_TEAM = 7FRAKRZZ4H;
				GENERATE_INFOPLIST_FILE = YES;
				IPHONEOS_DEPLOYMENT_TARGET = 18.2;
				MARKETING_VERSION = 1.0;
				PRODUCT_BUNDLE_IDENTIFIER = sdfg.TempyTests;
				PRODUCT_NAME = "$(TARGET_NAME)";
				SWIFT_EMIT_LOC_STRINGS = NO;
				SWIFT_VERSION = 5.0;
				TARGETED_DEVICE_FAMILY = "1,2";
				TEST_HOST = "$(BUILT_PRODUCTS_DIR)/Tempy.app/$(BUNDLE_EXECUTABLE_FOLDER_PATH)/Tempy";
			};
			name = Debug;
		};
		A859AF952D125C4B00E0ECAC /* Release */ = {
			isa = XCBuildConfiguration;
			buildSettings = {
				BUNDLE_LOADER = "$(TEST_HOST)";
				CODE_SIGN_STYLE = Automatic;
				CURRENT_PROJECT_VERSION = 1;
				DEVELOPMENT_TEAM = 7FRAKRZZ4H;
				GENERATE_INFOPLIST_FILE = YES;
				IPHONEOS_DEPLOYMENT_TARGET = 18.2;
				MARKETING_VERSION = 1.0;
				PRODUCT_BUNDLE_IDENTIFIER = sdfg.TempyTests;
				PRODUCT_NAME = "$(TARGET_NAME)";
				SWIFT_EMIT_LOC_STRINGS = NO;
				SWIFT_VERSION = 5.0;
				TARGETED_DEVICE_FAMILY = "1,2";
				TEST_HOST = "$(BUILT_PRODUCTS_DIR)/Tempy.app/$(BUNDLE_EXECUTABLE_FOLDER_PATH)/Tempy";
			};
			name = Release;
		};
		A859AF972D125C4B00E0ECAC /* Debug */ = {
			isa = XCBuildConfiguration;
			buildSettings = {
				CODE_SIGN_STYLE = Automatic;
				CURRENT_PROJECT_VERSION = 1;
				DEVELOPMENT_TEAM = 7FRAKRZZ4H;
				GENERATE_INFOPLIST_FILE = YES;
				MARKETING_VERSION = 1.0;
				PRODUCT_BUNDLE_IDENTIFIER = sdfg.TempyUITests;
				PRODUCT_NAME = "$(TARGET_NAME)";
				SWIFT_EMIT_LOC_STRINGS = NO;
				SWIFT_VERSION = 5.0;
				TARGETED_DEVICE_FAMILY = "1,2";
				TEST_TARGET_NAME = Tempy;
			};
			name = Debug;
		};
		A859AF982D125C4B00E0ECAC /* Release */ = {
			isa = XCBuildConfiguration;
			buildSettings = {
				CODE_SIGN_STYLE = Automatic;
				CURRENT_PROJECT_VERSION = 1;
				DEVELOPMENT_TEAM = 7FRAKRZZ4H;
				GENERATE_INFOPLIST_FILE = YES;
				MARKETING_VERSION = 1.0;
				PRODUCT_BUNDLE_IDENTIFIER = sdfg.TempyUITests;
				PRODUCT_NAME = "$(TARGET_NAME)";
				SWIFT_EMIT_LOC_STRINGS = NO;
				SWIFT_VERSION = 5.0;
				TARGETED_DEVICE_FAMILY = "1,2";
				TEST_TARGET_NAME = Tempy;
			};
			name = Release;
		};
/* End XCBuildConfiguration section */

/* Begin XCConfigurationList section */
		A859AF672D125C4500E0ECAC /* Build configuration list for PBXProject "Tempy" */ = {
			isa = XCConfigurationList;
			buildConfigurations = (
				A859AF8E2D125C4B00E0ECAC /* Debug */,
				A859AF8F2D125C4B00E0ECAC /* Release */,
			);
			defaultConfigurationIsVisible = 0;
			defaultConfigurationName = Release;
		};
		A859AF902D125C4B00E0ECAC /* Build configuration list for PBXNativeTarget "Tempy" */ = {
			isa = XCConfigurationList;
			buildConfigurations = (
				A859AF912D125C4B00E0ECAC /* Debug */,
				A859AF922D125C4B00E0ECAC /* Release */,
			);
			defaultConfigurationIsVisible = 0;
			defaultConfigurationName = Release;
		};
		A859AF932D125C4B00E0ECAC /* Build configuration list for PBXNativeTarget "TempyTests" */ = {
			isa = XCConfigurationList;
			buildConfigurations = (
				A859AF942D125C4B00E0ECAC /* Debug */,
				A859AF952D125C4B00E0ECAC /* Release */,
			);
			defaultConfigurationIsVisible = 0;
			defaultConfigurationName = Release;
		};
		A859AF962D125C4B00E0ECAC /* Build configuration list for PBXNativeTarget "TempyUITests" */ = {
			isa = XCConfigurationList;
			buildConfigurations = (
				A859AF972D125C4B00E0ECAC /* Debug */,
				A859AF982D125C4B00E0ECAC /* Release */,
			);
			defaultConfigurationIsVisible = 0;
			defaultConfigurationName = Release;
		};
/* End XCConfigurationList section */

/* Begin XCRemoteSwiftPackageReference section */
		A859AF9F2D125CA300E0ECAC /* XCRemoteSwiftPackageReference "firebase-ios-sdk" */ = {
			isa = XCRemoteSwiftPackageReference;
			repositoryURL = "https://github.com/firebase/firebase-ios-sdk";
			requirement = {
				kind = upToNextMajorVersion;
				minimumVersion = 11.6.0;
			};
		};
/* End XCRemoteSwiftPackageReference section */

/* Begin XCSwiftPackageProductDependency section */
		A859AFA02D125CA300E0ECAC /* FirebaseAnalytics */ = {
			isa = XCSwiftPackageProductDependency;
			package = A859AF9F2D125CA300E0ECAC /* XCRemoteSwiftPackageReference "firebase-ios-sdk" */;
			productName = FirebaseAnalytics;
		};
		A859AFA22D125CA300E0ECAC /* FirebaseAnalyticsWithoutAdIdSupport */ = {
			isa = XCSwiftPackageProductDependency;
			package = A859AF9F2D125CA300E0ECAC /* XCRemoteSwiftPackageReference "firebase-ios-sdk" */;
			productName = FirebaseAnalyticsWithoutAdIdSupport;
		};
/* End XCSwiftPackageProductDependency section */
	};
	rootObject = A859AF642D125C4500E0ECAC /* Project object */;
}
